
Microsoft Visual Studio Solution File, Format Version 12.00
# Visual Studio 15
VisualStudioVersion = 15.0.28307.757
MinimumVisualStudioVersion = 10.0.40219.1
Project("{E24C65DC-7377-472B-9ABA-BC803B73C61A}") = "task4_GilMor_AnnaStrijko", "task4_GilMor_AnnaStrijko\", "{7851F713-A38E-4FA4-B7AD-15254EA7C212}"
	ProjectSection(WebsiteProperties) = preProject
		TargetFrameworkMoniker = ".NETFramework,Version%3Dv4.6.1"
		Debug.AspNetCompiler.VirtualPath = "/localhost_61581"
		Debug.AspNetCompiler.PhysicalPath = "task4_GilMor_AnnaStrijko\"
		Debug.AspNetCompiler.TargetPath = "PrecompiledWeb\localhost_61581\"
		Debug.AspNetCompiler.Updateable = "true"
		Debug.AspNetCompiler.ForceOverwrite = "true"
		Debug.AspNetCompiler.FixedNames = "false"
		Debug.AspNetCompiler.Debug = "True"
		Release.AspNetCompiler.VirtualPath = "/localhost_61581"
		Release.AspNetCompiler.PhysicalPath = "task4_GilMor_AnnaStrijko\"
		Release.AspNetCompiler.TargetPath = "PrecompiledWeb\localhost_61581\"
		Release.AspNetCompiler.Updateable = "true"
		Release.AspNetCompiler.ForceOverwrite = "true"
		Release.AspNetCompiler.FixedNames = "false"
		Release.AspNetCompiler.Debug = "False"
		VWDPort = "61581"
		SlnRelativePath = "task4_GilMor_AnnaStrijko\"
	EndProjectSection
EndProject
Global
	GlobalSection(SolutionConfigurationPlatforms) = preSolution
		Debug|Any CPU = Debug|Any CPU
	EndGlobalSection
	GlobalSection(ProjectConfigurationPlatforms) = postSolution
		{7851F713-A38E-4FA4-B7AD-15254EA7C212}.Debug|Any CPU.ActiveCfg = Debug|Any CPU
		{7851F713-A38E-4FA4-B7AD-15254EA7C212}.Debug|Any CPU.Build.0 = Debug|Any CPU
	EndGlobalSection
	GlobalSection(SolutionProperties) = preSolution
		HideSolutionNode = FALSE
	EndGlobalSection
	GlobalSection(ExtensibilityGlobals) = postSolution
		SolutionGuid = {47FF0B59-5186-44F6-8D71-2D5CF675B0F7}
	EndGlobalSection
EndGlobal
